
Microsoft Visual Studio Solution File, Format Version 12.00
# Visual Studio Version 16
VisualStudioVersion = 16.0.32802.440
MinimumVisualStudioVersion = 10.0.40219.1
Project("{2150E333-8FDC-42A3-9474-1A3956D46DE8}") = "src", "src", "{E8067AED-2B6E-4134-AAF8-9101457D709A}"
EndProject
Project("{2150E333-8FDC-42A3-9474-1A3956D46DE8}") = "moduls", "moduls", "{3A0C10C4-7E83-4A8D-BB3E-E40A8E5B86B4}"
EndProject
Project("{2150E333-8FDC-42A3-9474-1A3956D46DE8}") = "AP.Order", "AP.Order", "{96A76822-D376-48B4-A7AB-BF0AD1E970E1}"
EndProject
Project("{2150E333-8FDC-42A3-9474-1A3956D46DE8}") = "AP.Product", "AP.Product", "{071B05BB-6EBC-45CA-91C0-D79188BE3B6C}"
EndProject
Project("{9A19103F-16F7-4668-BE54-9A1E7A4F7556}") = "AP.Order.Application", "moduls\AP.Order\src\AP.Order.Application\AP.Order.Application.csproj", "{AFA4E4E9-BA74-4194-AABA-7AD5CE622037}"
EndProject
Project("{9A19103F-16F7-4668-BE54-9A1E7A4F7556}") = "AP.Product.Application", "moduls\AP.Product\src\AP.Product.Application\AP.Product.Application.csproj", "{1D3F39E4-3AD3-403A-997E-E4820FB38106}"
EndProject
Project("{9A19103F-16F7-4668-BE54-9A1E7A4F7556}") = "AP.Product.Application.Contracts", "moduls\AP.Product\src\AP.Product.Application.Contracts\AP.Product.Application.Contracts.csproj", "{A753DF5F-755C-4A2F-ADEB-3BE41D537344}"
EndProject
Project("{9A19103F-16F7-4668-BE54-9A1E7A4F7556}") = "AP.Product.Domain", "moduls\AP.Product\src\AP.Product.Domain\AP.Product.Domain.csproj", "{44FE5A39-3C92-4BE6-BB45-5BE8113C403E}"
EndProject
Project("{9A19103F-16F7-4668-BE54-9A1E7A4F7556}") = "AP.Product.Domain.Shared", "moduls\AP.Product\src\AP.Product.Domain.Shared\AP.Product.Domain.Shared.csproj", "{F7E43852-AE6A-4C3A-BB4E-5D2A19B57C87}"
EndProject
Project("{9A19103F-16F7-4668-BE54-9A1E7A4F7556}") = "AP.Product.EntityFrameworkCore", "moduls\AP.Product\src\AP.Product.EntityFrameworkCore\AP.Product.EntityFrameworkCore.csproj", "{06ECE54E-0EF0-4224-97C5-A35DE6ECCF2B}"
EndProject
Project("{9A19103F-16F7-4668-BE54-9A1E7A4F7556}") = "AP.Product.HttpApi", "moduls\AP.Product\src\AP.Product.HttpApi\AP.Product.HttpApi.csproj", "{AE20C90A-AC0C-47D7-B980-F0DAC094F72B}"
EndProject
Project("{9A19103F-16F7-4668-BE54-9A1E7A4F7556}") = "AP.Product.HttpApi.Client", "moduls\AP.Product\src\AP.Product.HttpApi.Client\AP.Product.HttpApi.Client.csproj", "{CD841592-7B98-420C-A9F1-8CDA7BB275AA}"
EndProject
Project("{9A19103F-16F7-4668-BE54-9A1E7A4F7556}") = "AP.Order.Application.Contracts", "moduls\AP.Order\src\AP.Order.Application.Contracts\AP.Order.Application.Contracts.csproj", "{E2F1F286-15ED-4C37-8FC8-2FF78B454198}"
EndProject
Project("{9A19103F-16F7-4668-BE54-9A1E7A4F7556}") = "AP.Order.Domain", "moduls\AP.Order\src\AP.Order.Domain\AP.Order.Domain.csproj", "{4A3AED3D-6428-4A5D-8BED-5DD63672067F}"
EndProject
Project("{9A19103F-16F7-4668-BE54-9A1E7A4F7556}") = "AP.Order.Domain.Shared", "moduls\AP.Order\src\AP.Order.Domain.Shared\AP.Order.Domain.Shared.csproj", "{A56CC61E-380B-4469-9F82-FD89422289B1}"
EndProject
Project("{9A19103F-16F7-4668-BE54-9A1E7A4F7556}") = "AP.Order.EntityFrameworkCore", "moduls\AP.Order\src\AP.Order.EntityFrameworkCore\AP.Order.EntityFrameworkCore.csproj", "{A35148CE-7BBA-4790-9B9B-22143BFAC965}"
EndProject
Project("{9A19103F-16F7-4668-BE54-9A1E7A4F7556}") = "AP.Order.HttpApi", "moduls\AP.Order\src\AP.Order.HttpApi\AP.Order.HttpApi.csproj", "{BD117BA7-B98A-4833-89EA-4950E525E084}"
EndProject
Project("{9A19103F-16F7-4668-BE54-9A1E7A4F7556}") = "AP.Order.HttpApi.Client", "moduls\AP.Order\src\AP.Order.HttpApi.Client\AP.Order.HttpApi.Client.csproj", "{A570C021-F022-455C-8D25-9D32DA7676C8}"
EndProject
Project("{2150E333-8FDC-42A3-9474-1A3956D46DE8}") = "AP.User", "AP.User", "{02857FDE-703A-45FF-8F04-821287BF0E1A}"
EndProject
Project("{2150E333-8FDC-42A3-9474-1A3956D46DE8}") = "AP.Payment", "AP.Payment", "{1641C1AC-8C10-4FEC-9DC6-2B467382D0AB}"
EndProject
Project("{9A19103F-16F7-4668-BE54-9A1E7A4F7556}") = "AP.Payment.Application", "moduls\AP.Payment\src\AP.Payment.Application\AP.Payment.Application.csproj", "{806D1191-7051-4F20-9B02-C56076C80AF3}"
EndProject
Project("{9A19103F-16F7-4668-BE54-9A1E7A4F7556}") = "AP.Payment.Application.Contracts", "moduls\AP.Payment\src\AP.Payment.Application.Contracts\AP.Payment.Application.Contracts.csproj", "{9051149F-0D8C-4320-BABD-3EAB524DB83A}"
EndProject
Project("{9A19103F-16F7-4668-BE54-9A1E7A4F7556}") = "AP.Payment.Domain", "moduls\AP.Payment\src\AP.Payment.Domain\AP.Payment.Domain.csproj", "{CE5CDB23-700B-47B5-95A9-3DA34222BEA6}"
EndProject
Project("{9A19103F-16F7-4668-BE54-9A1E7A4F7556}") = "AP.Payment.Domain.Shared", "moduls\AP.Payment\src\AP.Payment.Domain.Shared\AP.Payment.Domain.Shared.csproj", "{D7DC782E-9B31-4F49-A6FE-CCC05B0DD098}"
EndProject
Project("{9A19103F-16F7-4668-BE54-9A1E7A4F7556}") = "AP.Payment.EntityFrameworkCore", "moduls\AP.Payment\src\AP.Payment.EntityFrameworkCore\AP.Payment.EntityFrameworkCore.csproj", "{646C4A3F-6A74-4811-9D94-9023E0D5A45A}"
EndProject
Project("{9A19103F-16F7-4668-BE54-9A1E7A4F7556}") = "AP.Payment.HttpApi", "moduls\AP.Payment\src\AP.Payment.HttpApi\AP.Payment.HttpApi.csproj", "{6D1B64A4-BE5D-497B-99E8-5B3BE8E27814}"
EndProject
Project("{9A19103F-16F7-4668-BE54-9A1E7A4F7556}") = "AP.Payment.HttpApi.Client", "moduls\AP.Payment\src\AP.Payment.HttpApi.Client\AP.Payment.HttpApi.Client.csproj", "{1E823225-B49B-46D1-8D93-5F079AB4F2B6}"
EndProject
Project("{9A19103F-16F7-4668-BE54-9A1E7A4F7556}") = "AP.User.Application", "moduls\AP.User\src\AP.User.Application\AP.User.Application.csproj", "{A4D136CB-52D5-48D3-BB5D-D450CB3C68DE}"
EndProject
Project("{9A19103F-16F7-4668-BE54-9A1E7A4F7556}") = "AP.User.Application.Contracts", "moduls\AP.User\src\AP.User.Application.Contracts\AP.User.Application.Contracts.csproj", "{7A4AD047-034C-400E-82C3-859A6EACCEE1}"
EndProject
Project("{9A19103F-16F7-4668-BE54-9A1E7A4F7556}") = "AP.User.Domain", "moduls\AP.User\src\AP.User.Domain\AP.User.Domain.csproj", "{780364BA-3302-4A08-B6EF-72B122EF7672}"
EndProject
Project("{9A19103F-16F7-4668-BE54-9A1E7A4F7556}") = "AP.User.Domain.Shared", "moduls\AP.User\src\AP.User.Domain.Shared\AP.User.Domain.Shared.csproj", "{71863C4D-52F2-4BBD-840E-37CF1673F6B3}"
EndProject
Project("{9A19103F-16F7-4668-BE54-9A1E7A4F7556}") = "AP.User.EntityFrameworkCore", "moduls\AP.User\src\AP.User.EntityFrameworkCore\AP.User.EntityFrameworkCore.csproj", "{C83089E6-7650-4B2C-B71C-9161DA95CB5C}"
EndProject
Project("{9A19103F-16F7-4668-BE54-9A1E7A4F7556}") = "AP.User.HttpApi", "moduls\AP.User\src\AP.User.HttpApi\AP.User.HttpApi.csproj", "{46B0F255-B1E0-4495-8BCE-71272BF9DD85}"
EndProject
Project("{9A19103F-16F7-4668-BE54-9A1E7A4F7556}") = "AP.User.HttpApi.Client", "moduls\AP.User\src\AP.User.HttpApi.Client\AP.User.HttpApi.Client.csproj", "{F43C5E02-29B1-45BE-BBC2-324F59212FE9}"
EndProject
Project("{2150E333-8FDC-42A3-9474-1A3956D46DE8}") = "microservices", "microservices", "{75D44881-635C-4256-A9A6-A2F6204F89AD}"
EndProject
Project("{9A19103F-16F7-4668-BE54-9A1E7A4F7556}") = "AP.Order.HttpApi.Host", "microservices\AP.Order.HttpApi.Host\AP.Order.HttpApi.Host.csproj", "{7B20C810-CDEF-4AED-832C-1B002FDC596E}"
EndProject
Project("{9A19103F-16F7-4668-BE54-9A1E7A4F7556}") = "AP.Payment.HttpApi.Host", "microservices\AP.Payment.HttpApi.Host\AP.Payment.HttpApi.Host.csproj", "{FDFD3E85-0CC4-4C11-9583-234C74029CD3}"
EndProject
Project("{9A19103F-16F7-4668-BE54-9A1E7A4F7556}") = "AP.Product.HttpApi.Host", "microservices\AP.Product.HttpApi.Host\AP.Product.HttpApi.Host.csproj", "{7A6FBCB2-31EB-4508-8479-C49C5B9CDC2B}"
EndProject
Project("{9A19103F-16F7-4668-BE54-9A1E7A4F7556}") = "AP.User.HttpApi.Host", "microservices\AP.User.HttpApi.Host\AP.User.HttpApi.Host.csproj", "{92D1CED0-9072-47BB-B49D-3CA5FFB69E7E}"
EndProject
Project("{2150E333-8FDC-42A3-9474-1A3956D46DE8}") = "aggregateservices", "aggregateservices", "{3A138D82-3316-4D26-A779-D4107CA15977}"
EndProject
Project("{2150E333-8FDC-42A3-9474-1A3956D46DE8}") = "gateways", "gateways", "{69DCB4EE-59DC-4DEC-887B-E391430351DC}"
EndProject
Project("{2150E333-8FDC-42A3-9474-1A3956D46DE8}") = "NewFolder1", "NewFolder1", "{786A2A48-590D-4696-B28C-DF636E458087}"
EndProject
Project("{9A19103F-16F7-4668-BE54-9A1E7A4F7556}") = "AP.OrderDetailsServices", "aggregateservices\AP.OrderDetailsServices\AP.OrderDetailsServices.csproj", "{FEEF2C1D-E848-4B3A-AEA6-B4430BB5DBEC}"
EndProject
Project("{9A19103F-16F7-4668-BE54-9A1E7A4F7556}") = "InternalGateway.Host", "gateways\InternalGateway.Host\InternalGateway.Host.csproj", "{2B6B6642-4EF2-4A44-9069-E003708BE4E9}"
EndProject
Global
	GlobalSection(SolutionConfigurationPlatforms) = preSolution
		Debug|Any CPU = Debug|Any CPU
		Release|Any CPU = Release|Any CPU
	EndGlobalSection
	GlobalSection(ProjectConfigurationPlatforms) = postSolution
		{AFA4E4E9-BA74-4194-AABA-7AD5CE622037}.Debug|Any CPU.ActiveCfg = Debug|Any CPU
		{AFA4E4E9-BA74-4194-AABA-7AD5CE622037}.Debug|Any CPU.Build.0 = Debug|Any CPU
		{AFA4E4E9-BA74-4194-AABA-7AD5CE622037}.Release|Any CPU.ActiveCfg = Release|Any CPU
		{AFA4E4E9-BA74-4194-AABA-7AD5CE622037}.Release|Any CPU.Build.0 = Release|Any CPU
		{1D3F39E4-3AD3-403A-997E-E4820FB38106}.Debug|Any CPU.ActiveCfg = Debug|Any CPU
		{1D3F39E4-3AD3-403A-997E-E4820FB38106}.Debug|Any CPU.Build.0 = Debug|Any CPU
		{1D3F39E4-3AD3-403A-997E-E4820FB38106}.Release|Any CPU.ActiveCfg = Release|Any CPU
		{1D3F39E4-3AD3-403A-997E-E4820FB38106}.Release|Any CPU.Build.0 = Release|Any CPU
		{A753DF5F-755C-4A2F-ADEB-3BE41D537344}.Debug|Any CPU.ActiveCfg = Debug|Any CPU
		{A753DF5F-755C-4A2F-ADEB-3BE41D537344}.Debug|Any CPU.Build.0 = Debug|Any CPU
		{A753DF5F-755C-4A2F-ADEB-3BE41D537344}.Release|Any CPU.ActiveCfg = Release|Any CPU
		{A753DF5F-755C-4A2F-ADEB-3BE41D537344}.Release|Any CPU.Build.0 = Release|Any CPU
		{44FE5A39-3C92-4BE6-BB45-5BE8113C403E}.Debug|Any CPU.ActiveCfg = Debug|Any CPU
		{44FE5A39-3C92-4BE6-BB45-5BE8113C403E}.Debug|Any CPU.Build.0 = Debug|Any CPU
		{44FE5A39-3C92-4BE6-BB45-5BE8113C403E}.Release|Any CPU.ActiveCfg = Release|Any CPU
		{44FE5A39-3C92-4BE6-BB45-5BE8113C403E}.Release|Any CPU.Build.0 = Release|Any CPU
		{F7E43852-AE6A-4C3A-BB4E-5D2A19B57C87}.Debug|Any CPU.ActiveCfg = Debug|Any CPU
		{F7E43852-AE6A-4C3A-BB4E-5D2A19B57C87}.Debug|Any CPU.Build.0 = Debug|Any CPU
		{F7E43852-AE6A-4C3A-BB4E-5D2A19B57C87}.Release|Any CPU.ActiveCfg = Release|Any CPU
		{F7E43852-AE6A-4C3A-BB4E-5D2A19B57C87}.Release|Any CPU.Build.0 = Release|Any CPU
		{06ECE54E-0EF0-4224-97C5-A35DE6ECCF2B}.Debug|Any CPU.ActiveCfg = Debug|Any CPU
		{06ECE54E-0EF0-4224-97C5-A35DE6ECCF2B}.Debug|Any CPU.Build.0 = Debug|Any CPU
		{06ECE54E-0EF0-4224-97C5-A35DE6ECCF2B}.Release|Any CPU.ActiveCfg = Release|Any CPU
		{06ECE54E-0EF0-4224-97C5-A35DE6ECCF2B}.Release|Any CPU.Build.0 = Release|Any CPU
		{AE20C90A-AC0C-47D7-B980-F0DAC094F72B}.Debug|Any CPU.ActiveCfg = Debug|Any CPU
		{AE20C90A-AC0C-47D7-B980-F0DAC094F72B}.Debug|Any CPU.Build.0 = Debug|Any CPU
		{AE20C90A-AC0C-47D7-B980-F0DAC094F72B}.Release|Any CPU.ActiveCfg = Release|Any CPU
		{AE20C90A-AC0C-47D7-B980-F0DAC094F72B}.Release|Any CPU.Build.0 = Release|Any CPU
		{CD841592-7B98-420C-A9F1-8CDA7BB275AA}.Debug|Any CPU.ActiveCfg = Debug|Any CPU
		{CD841592-7B98-420C-A9F1-8CDA7BB275AA}.Debug|Any CPU.Build.0 = Debug|Any CPU
		{CD841592-7B98-420C-A9F1-8CDA7BB275AA}.Release|Any CPU.ActiveCfg = Release|Any CPU
		{CD841592-7B98-420C-A9F1-8CDA7BB275AA}.Release|Any CPU.Build.0 = Release|Any CPU
		{E2F1F286-15ED-4C37-8FC8-2FF78B454198}.Debug|Any CPU.ActiveCfg = Debug|Any CPU
		{E2F1F286-15ED-4C37-8FC8-2FF78B454198}.Debug|Any CPU.Build.0 = Debug|Any CPU
		{E2F1F286-15ED-4C37-8FC8-2FF78B454198}.Release|Any CPU.ActiveCfg = Release|Any CPU
		{E2F1F286-15ED-4C37-8FC8-2FF78B454198}.Release|Any CPU.Build.0 = Release|Any CPU
		{4A3AED3D-6428-4A5D-8BED-5DD63672067F}.Debug|Any CPU.ActiveCfg = Debug|Any CPU
		{4A3AED3D-6428-4A5D-8BED-5DD63672067F}.Debug|Any CPU.Build.0 = Debug|Any CPU
		{4A3AED3D-6428-4A5D-8BED-5DD63672067F}.Release|Any CPU.ActiveCfg = Release|Any CPU
		{4A3AED3D-6428-4A5D-8BED-5DD63672067F}.Release|Any CPU.Build.0 = Release|Any CPU
		{A56CC61E-380B-4469-9F82-FD89422289B1}.Debug|Any CPU.ActiveCfg = Debug|Any CPU
		{A56CC61E-380B-4469-9F82-FD89422289B1}.Debug|Any CPU.Build.0 = Debug|Any CPU
		{A56CC61E-380B-4469-9F82-FD89422289B1}.Release|Any CPU.ActiveCfg = Release|Any CPU
		{A56CC61E-380B-4469-9F82-FD89422289B1}.Release|Any CPU.Build.0 = Release|Any CPU
		{A35148CE-7BBA-4790-9B9B-22143BFAC965}.Debug|Any CPU.ActiveCfg = Debug|Any CPU
		{A35148CE-7BBA-4790-9B9B-22143BFAC965}.Debug|Any CPU.Build.0 = Debug|Any CPU
		{A35148CE-7BBA-4790-9B9B-22143BFAC965}.Release|Any CPU.ActiveCfg = Release|Any CPU
		{A35148CE-7BBA-4790-9B9B-22143BFAC965}.Release|Any CPU.Build.0 = Release|Any CPU
		{BD117BA7-B98A-4833-89EA-4950E525E084}.Debug|Any CPU.ActiveCfg = Debug|Any CPU
		{BD117BA7-B98A-4833-89EA-4950E525E084}.Debug|Any CPU.Build.0 = Debug|Any CPU
		{BD117BA7-B98A-4833-89EA-4950E525E084}.Release|Any CPU.ActiveCfg = Release|Any CPU
		{BD117BA7-B98A-4833-89EA-4950E525E084}.Release|Any CPU.Build.0 = Release|Any CPU
		{A570C021-F022-455C-8D25-9D32DA7676C8}.Debug|Any CPU.ActiveCfg = Debug|Any CPU
		{A570C021-F022-455C-8D25-9D32DA7676C8}.Debug|Any CPU.Build.0 = Debug|Any CPU
		{A570C021-F022-455C-8D25-9D32DA7676C8}.Release|Any CPU.ActiveCfg = Release|Any CPU
		{A570C021-F022-455C-8D25-9D32DA7676C8}.Release|Any CPU.Build.0 = Release|Any CPU
		{806D1191-7051-4F20-9B02-C56076C80AF3}.Debug|Any CPU.ActiveCfg = Debug|Any CPU
		{806D1191-7051-4F20-9B02-C56076C80AF3}.Debug|Any CPU.Build.0 = Debug|Any CPU
		{806D1191-7051-4F20-9B02-C56076C80AF3}.Release|Any CPU.ActiveCfg = Release|Any CPU
		{806D1191-7051-4F20-9B02-C56076C80AF3}.Release|Any CPU.Build.0 = Release|Any CPU
		{9051149F-0D8C-4320-BABD-3EAB524DB83A}.Debug|Any CPU.ActiveCfg = Debug|Any CPU
		{9051149F-0D8C-4320-BABD-3EAB524DB83A}.Debug|Any CPU.Build.0 = Debug|Any CPU
		{9051149F-0D8C-4320-BABD-3EAB524DB83A}.Release|Any CPU.ActiveCfg = Release|Any CPU
		{9051149F-0D8C-4320-BABD-3EAB524DB83A}.Release|Any CPU.Build.0 = Release|Any CPU
		{CE5CDB23-700B-47B5-95A9-3DA34222BEA6}.Debug|Any CPU.ActiveCfg = Debug|Any CPU
		{CE5CDB23-700B-47B5-95A9-3DA34222BEA6}.Debug|Any CPU.Build.0 = Debug|Any CPU
		{CE5CDB23-700B-47B5-95A9-3DA34222BEA6}.Release|Any CPU.ActiveCfg = Release|Any CPU
		{CE5CDB23-700B-47B5-95A9-3DA34222BEA6}.Release|Any CPU.Build.0 = Release|Any CPU
		{D7DC782E-9B31-4F49-A6FE-CCC05B0DD098}.Debug|Any CPU.ActiveCfg = Debug|Any CPU
		{D7DC782E-9B31-4F49-A6FE-CCC05B0DD098}.Debug|Any CPU.Build.0 = Debug|Any CPU
		{D7DC782E-9B31-4F49-A6FE-CCC05B0DD098}.Release|Any CPU.ActiveCfg = Release|Any CPU
		{D7DC782E-9B31-4F49-A6FE-CCC05B0DD098}.Release|Any CPU.Build.0 = Release|Any CPU
		{646C4A3F-6A74-4811-9D94-9023E0D5A45A}.Debug|Any CPU.ActiveCfg = Debug|Any CPU
		{646C4A3F-6A74-4811-9D94-9023E0D5A45A}.Debug|Any CPU.Build.0 = Debug|Any CPU
		{646C4A3F-6A74-4811-9D94-9023E0D5A45A}.Release|Any CPU.ActiveCfg = Release|Any CPU
		{646C4A3F-6A74-4811-9D94-9023E0D5A45A}.Release|Any CPU.Build.0 = Release|Any CPU
		{6D1B64A4-BE5D-497B-99E8-5B3BE8E27814}.Debug|Any CPU.ActiveCfg = Debug|Any CPU
		{6D1B64A4-BE5D-497B-99E8-5B3BE8E27814}.Debug|Any CPU.Build.0 = Debug|Any CPU
		{6D1B64A4-BE5D-497B-99E8-5B3BE8E27814}.Release|Any CPU.ActiveCfg = Release|Any CPU
		{6D1B64A4-BE5D-497B-99E8-5B3BE8E27814}.Release|Any CPU.Build.0 = Release|Any CPU
		{1E823225-B49B-46D1-8D93-5F079AB4F2B6}.Debug|Any CPU.ActiveCfg = Debug|Any CPU
		{1E823225-B49B-46D1-8D93-5F079AB4F2B6}.Debug|Any CPU.Build.0 = Debug|Any CPU
		{1E823225-B49B-46D1-8D93-5F079AB4F2B6}.Release|Any CPU.ActiveCfg = Release|Any CPU
		{1E823225-B49B-46D1-8D93-5F079AB4F2B6}.Release|Any CPU.Build.0 = Release|Any CPU
		{A4D136CB-52D5-48D3-BB5D-D450CB3C68DE}.Debug|Any CPU.ActiveCfg = Debug|Any CPU
		{A4D136CB-52D5-48D3-BB5D-D450CB3C68DE}.Debug|Any CPU.Build.0 = Debug|Any CPU
		{A4D136CB-52D5-48D3-BB5D-D450CB3C68DE}.Release|Any CPU.ActiveCfg = Release|Any CPU
		{A4D136CB-52D5-48D3-BB5D-D450CB3C68DE}.Release|Any CPU.Build.0 = Release|Any CPU
		{7A4AD047-034C-400E-82C3-859A6EACCEE1}.Debug|Any CPU.ActiveCfg = Debug|Any CPU
		{7A4AD047-034C-400E-82C3-859A6EACCEE1}.Debug|Any CPU.Build.0 = Debug|Any CPU
		{7A4AD047-034C-400E-82C3-859A6EACCEE1}.Release|Any CPU.ActiveCfg = Release|Any CPU
		{7A4AD047-034C-400E-82C3-859A6EACCEE1}.Release|Any CPU.Build.0 = Release|Any CPU
		{780364BA-3302-4A08-B6EF-72B122EF7672}.Debug|Any CPU.ActiveCfg = Debug|Any CPU
		{780364BA-3302-4A08-B6EF-72B122EF7672}.Debug|Any CPU.Build.0 = Debug|Any CPU
		{780364BA-3302-4A08-B6EF-72B122EF7672}.Release|Any CPU.ActiveCfg = Release|Any CPU
		{780364BA-3302-4A08-B6EF-72B122EF7672}.Release|Any CPU.Build.0 = Release|Any CPU
		{71863C4D-52F2-4BBD-840E-37CF1673F6B3}.Debug|Any CPU.ActiveCfg = Debug|Any CPU
		{71863C4D-52F2-4BBD-840E-37CF1673F6B3}.Debug|Any CPU.Build.0 = Debug|Any CPU
		{71863C4D-52F2-4BBD-840E-37CF1673F6B3}.Release|Any CPU.ActiveCfg = Release|Any CPU
		{71863C4D-52F2-4BBD-840E-37CF1673F6B3}.Release|Any CPU.Build.0 = Release|Any CPU
		{C83089E6-7650-4B2C-B71C-9161DA95CB5C}.Debug|Any CPU.ActiveCfg = Debug|Any CPU
		{C83089E6-7650-4B2C-B71C-9161DA95CB5C}.Debug|Any CPU.Build.0 = Debug|Any CPU
		{C83089E6-7650-4B2C-B71C-9161DA95CB5C}.Release|Any CPU.ActiveCfg = Release|Any CPU
		{C83089E6-7650-4B2C-B71C-9161DA95CB5C}.Release|Any CPU.Build.0 = Release|Any CPU
		{46B0F255-B1E0-4495-8BCE-71272BF9DD85}.Debug|Any CPU.ActiveCfg = Debug|Any CPU
		{46B0F255-B1E0-4495-8BCE-71272BF9DD85}.Debug|Any CPU.Build.0 = Debug|Any CPU
		{46B0F255-B1E0-4495-8BCE-71272BF9DD85}.Release|Any CPU.ActiveCfg = Release|Any CPU
		{46B0F255-B1E0-4495-8BCE-71272BF9DD85}.Release|Any CPU.Build.0 = Release|Any CPU
		{F43C5E02-29B1-45BE-BBC2-324F59212FE9}.Debug|Any CPU.ActiveCfg = Debug|Any CPU
		{F43C5E02-29B1-45BE-BBC2-324F59212FE9}.Debug|Any CPU.Build.0 = Debug|Any CPU
		{F43C5E02-29B1-45BE-BBC2-324F59212FE9}.Release|Any CPU.ActiveCfg = Release|Any CPU
		{F43C5E02-29B1-45BE-BBC2-324F59212FE9}.Release|Any CPU.Build.0 = Release|Any CPU
		{7B20C810-CDEF-4AED-832C-1B002FDC596E}.Debug|Any CPU.ActiveCfg = Debug|Any CPU
		{7B20C810-CDEF-4AED-832C-1B002FDC596E}.Debug|Any CPU.Build.0 = Debug|Any CPU
		{7B20C810-CDEF-4AED-832C-1B002FDC596E}.Release|Any CPU.ActiveCfg = Release|Any CPU
		{7B20C810-CDEF-4AED-832C-1B002FDC596E}.Release|Any CPU.Build.0 = Release|Any CPU
		{FDFD3E85-0CC4-4C11-9583-234C74029CD3}.Debug|Any CPU.ActiveCfg = Debug|Any CPU
		{FDFD3E85-0CC4-4C11-9583-234C74029CD3}.Debug|Any CPU.Build.0 = Debug|Any CPU
		{FDFD3E85-0CC4-4C11-9583-234C74029CD3}.Release|Any CPU.ActiveCfg = Release|Any CPU
		{FDFD3E85-0CC4-4C11-9583-234C74029CD3}.Release|Any CPU.Build.0 = Release|Any CPU
		{7A6FBCB2-31EB-4508-8479-C49C5B9CDC2B}.Debug|Any CPU.ActiveCfg = Debug|Any CPU
		{7A6FBCB2-31EB-4508-8479-C49C5B9CDC2B}.Debug|Any CPU.Build.0 = Debug|Any CPU
		{7A6FBCB2-31EB-4508-8479-C49C5B9CDC2B}.Release|Any CPU.ActiveCfg = Release|Any CPU
		{7A6FBCB2-31EB-4508-8479-C49C5B9CDC2B}.Release|Any CPU.Build.0 = Release|Any CPU
		{92D1CED0-9072-47BB-B49D-3CA5FFB69E7E}.Debug|Any CPU.ActiveCfg = Debug|Any CPU
		{92D1CED0-9072-47BB-B49D-3CA5FFB69E7E}.Debug|Any CPU.Build.0 = Debug|Any CPU
		{92D1CED0-9072-47BB-B49D-3CA5FFB69E7E}.Release|Any CPU.ActiveCfg = Release|Any CPU
		{92D1CED0-9072-47BB-B49D-3CA5FFB69E7E}.Release|Any CPU.Build.0 = Release|Any CPU
		{FEEF2C1D-E848-4B3A-AEA6-B4430BB5DBEC}.Debug|Any CPU.ActiveCfg = Debug|Any CPU
		{FEEF2C1D-E848-4B3A-AEA6-B4430BB5DBEC}.Debug|Any CPU.Build.0 = Debug|Any CPU
		{FEEF2C1D-E848-4B3A-AEA6-B4430BB5DBEC}.Release|Any CPU.ActiveCfg = Release|Any CPU
		{FEEF2C1D-E848-4B3A-AEA6-B4430BB5DBEC}.Release|Any CPU.Build.0 = Release|Any CPU
		{2B6B6642-4EF2-4A44-9069-E003708BE4E9}.Debug|Any CPU.ActiveCfg = Debug|Any CPU
		{2B6B6642-4EF2-4A44-9069-E003708BE4E9}.Debug|Any CPU.Build.0 = Debug|Any CPU
		{2B6B6642-4EF2-4A44-9069-E003708BE4E9}.Release|Any CPU.ActiveCfg = Release|Any CPU
		{2B6B6642-4EF2-4A44-9069-E003708BE4E9}.Release|Any CPU.Build.0 = Release|Any CPU
	EndGlobalSection
	GlobalSection(SolutionProperties) = preSolution
		HideSolutionNode = FALSE
	EndGlobalSection
	GlobalSection(NestedProjects) = preSolution
		{96A76822-D376-48B4-A7AB-BF0AD1E970E1} = {3A0C10C4-7E83-4A8D-BB3E-E40A8E5B86B4}
		{071B05BB-6EBC-45CA-91C0-D79188BE3B6C} = {3A0C10C4-7E83-4A8D-BB3E-E40A8E5B86B4}
		{AFA4E4E9-BA74-4194-AABA-7AD5CE622037} = {96A76822-D376-48B4-A7AB-BF0AD1E970E1}
		{1D3F39E4-3AD3-403A-997E-E4820FB38106} = {071B05BB-6EBC-45CA-91C0-D79188BE3B6C}
		{A753DF5F-755C-4A2F-ADEB-3BE41D537344} = {071B05BB-6EBC-45CA-91C0-D79188BE3B6C}
		{44FE5A39-3C92-4BE6-BB45-5BE8113C403E} = {071B05BB-6EBC-45CA-91C0-D79188BE3B6C}
		{F7E43852-AE6A-4C3A-BB4E-5D2A19B57C87} = {071B05BB-6EBC-45CA-91C0-D79188BE3B6C}
		{06ECE54E-0EF0-4224-97C5-A35DE6ECCF2B} = {071B05BB-6EBC-45CA-91C0-D79188BE3B6C}
		{AE20C90A-AC0C-47D7-B980-F0DAC094F72B} = {071B05BB-6EBC-45CA-91C0-D79188BE3B6C}
		{CD841592-7B98-420C-A9F1-8CDA7BB275AA} = {071B05BB-6EBC-45CA-91C0-D79188BE3B6C}
		{E2F1F286-15ED-4C37-8FC8-2FF78B454198} = {96A76822-D376-48B4-A7AB-BF0AD1E970E1}
		{4A3AED3D-6428-4A5D-8BED-5DD63672067F} = {96A76822-D376-48B4-A7AB-BF0AD1E970E1}
		{A56CC61E-380B-4469-9F82-FD89422289B1} = {96A76822-D376-48B4-A7AB-BF0AD1E970E1}
		{A35148CE-7BBA-4790-9B9B-22143BFAC965} = {96A76822-D376-48B4-A7AB-BF0AD1E970E1}
		{BD117BA7-B98A-4833-89EA-4950E525E084} = {96A76822-D376-48B4-A7AB-BF0AD1E970E1}
		{A570C021-F022-455C-8D25-9D32DA7676C8} = {96A76822-D376-48B4-A7AB-BF0AD1E970E1}
		{02857FDE-703A-45FF-8F04-821287BF0E1A} = {3A0C10C4-7E83-4A8D-BB3E-E40A8E5B86B4}
		{1641C1AC-8C10-4FEC-9DC6-2B467382D0AB} = {3A0C10C4-7E83-4A8D-BB3E-E40A8E5B86B4}
		{806D1191-7051-4F20-9B02-C56076C80AF3} = {1641C1AC-8C10-4FEC-9DC6-2B467382D0AB}
		{9051149F-0D8C-4320-BABD-3EAB524DB83A} = {1641C1AC-8C10-4FEC-9DC6-2B467382D0AB}
		{CE5CDB23-700B-47B5-95A9-3DA34222BEA6} = {1641C1AC-8C10-4FEC-9DC6-2B467382D0AB}
		{D7DC782E-9B31-4F49-A6FE-CCC05B0DD098} = {1641C1AC-8C10-4FEC-9DC6-2B467382D0AB}
		{646C4A3F-6A74-4811-9D94-9023E0D5A45A} = {1641C1AC-8C10-4FEC-9DC6-2B467382D0AB}
		{6D1B64A4-BE5D-497B-99E8-5B3BE8E27814} = {1641C1AC-8C10-4FEC-9DC6-2B467382D0AB}
		{1E823225-B49B-46D1-8D93-5F079AB4F2B6} = {1641C1AC-8C10-4FEC-9DC6-2B467382D0AB}
		{A4D136CB-52D5-48D3-BB5D-D450CB3C68DE} = {02857FDE-703A-45FF-8F04-821287BF0E1A}
		{7A4AD047-034C-400E-82C3-859A6EACCEE1} = {02857FDE-703A-45FF-8F04-821287BF0E1A}
		{780364BA-3302-4A08-B6EF-72B122EF7672} = {02857FDE-703A-45FF-8F04-821287BF0E1A}
		{71863C4D-52F2-4BBD-840E-37CF1673F6B3} = {02857FDE-703A-45FF-8F04-821287BF0E1A}
		{C83089E6-7650-4B2C-B71C-9161DA95CB5C} = {02857FDE-703A-45FF-8F04-821287BF0E1A}
		{46B0F255-B1E0-4495-8BCE-71272BF9DD85} = {02857FDE-703A-45FF-8F04-821287BF0E1A}
		{F43C5E02-29B1-45BE-BBC2-324F59212FE9} = {02857FDE-703A-45FF-8F04-821287BF0E1A}
		{7B20C810-CDEF-4AED-832C-1B002FDC596E} = {75D44881-635C-4256-A9A6-A2F6204F89AD}
		{FDFD3E85-0CC4-4C11-9583-234C74029CD3} = {75D44881-635C-4256-A9A6-A2F6204F89AD}
		{7A6FBCB2-31EB-4508-8479-C49C5B9CDC2B} = {75D44881-635C-4256-A9A6-A2F6204F89AD}
		{92D1CED0-9072-47BB-B49D-3CA5FFB69E7E} = {75D44881-635C-4256-A9A6-A2F6204F89AD}
		{FEEF2C1D-E848-4B3A-AEA6-B4430BB5DBEC} = {3A138D82-3316-4D26-A779-D4107CA15977}
		{2B6B6642-4EF2-4A44-9069-E003708BE4E9} = {69DCB4EE-59DC-4DEC-887B-E391430351DC}
	EndGlobalSection
	GlobalSection(ExtensibilityGlobals) = postSolution
		SolutionGuid = {340A445F-B071-4D94-AAEE-8F4C188262A9}
	EndGlobalSection
EndGlobal
